// !$*UTF8*$!
{
	archiveVersion = 1;
	classes = {
	};
	objectVersion = 50;
	objects = {

/* Begin PBXBuildFile section */
		2374C16F2173B3D80015589D /* AppDelegate.m in Sources */ = {isa = PBXBuildFile; fileRef = 2374C16E2173B3D80015589D /* AppDelegate.m */; };
		2374C1712173B3D90015589D /* Assets.xcassets in Resources */ = {isa = PBXBuildFile; fileRef = 2374C1702173B3D90015589D /* Assets.xcassets */; };
		2374C1742173B3D90015589D /* MainMenu.xib in Resources */ = {isa = PBXBuildFile; fileRef = 2374C1722173B3D90015589D /* MainMenu.xib */; };
		2374C1772173B3D90015589D /* main.m in Sources */ = {isa = PBXBuildFile; fileRef = 2374C1762173B3D90015589D /* main.m */; };
		2374C1802173B3E70015589D /* MyWindow.m in Sources */ = {isa = PBXBuildFile; fileRef = 2374C17F2173B3E70015589D /* MyWindow.m */; };
/* End PBXBuildFile section */

/* Begin PBXFileReference section */
		2374C16A2173B3D80015589D /* NSWindowControllerAndNSWindow.app */ = {isa = PBXFileReference; explicitFileType = wrapper.application; includeInIndex = 0; path = NSWindowControllerAndNSWindow.app; sourceTree = BUILT_PRODUCTS_DIR; };
		2374C16D2173B3D80015589D /* AppDelegate.h */ = {isa = PBXFileReference; lastKnownFileType = sourcecode.c.h; path = AppDelegate.h; sourceTree = "<group>"; };
		2374C16E2173B3D80015589D /* AppDelegate.m */ = {isa = PBXFileReference; lastKnownFileType = sourcecode.c.objc; path = AppDelegate.m; sourceTree = "<group>"; };
		2374C1702173B3D90015589D /* Assets.xcassets */ = {isa = PBXFileReference; lastKnownFileType = folder.assetcatalog; path = Assets.xcassets; sourceTree = "<group>"; };
		2374C1732173B3D90015589D /* Base */ = {isa = PBXFileReference; lastKnownFileType = file.xib; name = Base; path = Base.lproj/MainMenu.xib; sourceTree = "<group>"; };
		2374C1752173B3D90015589D /* Info.plist */ = {isa = PBXFileReference; lastKnownFileType = text.plist.xml; path = Info.plist; sourceTree = "<group>"; };
		2374C1762173B3D90015589D /* main.m */ = {isa = PBXFileReference; lastKnownFileType = sourcecode.c.objc; path = main.m; sourceTree = "<group>"; };
		2374C1782173B3D90015589D /* NSWindowControllerAndNSWindow.entitlements */ = {isa = PBXFileReference; lastKnownFileType = text.plist.entitlements; path = NSWindowControllerAndNSWindow.entitlements; sourceTree = "<group>"; };
		2374C17E2173B3E70015589D /* MyWindow.h */ = {isa = PBXFileReference; lastKnownFileType = sourcecode.c.h; path = MyWindow.h; sourceTree = "<group>"; };
		2374C17F2173B3E70015589D /* MyWindow.m */ = {isa = PBXFileReference; lastKnownFileType = sourcecode.c.objc; path = MyWindow.m; sourceTree = "<group>"; };
/* End PBXFileReference section */

/* Begin PBXFrameworksBuildPhase section */
		2374C1672173B3D80015589D /* Frameworks */ = {
			isa = PBXFrameworksBuildPhase;
			buildActionMask = 2147483647;
			files = (
			);
			runOnlyForDeploymentPostprocessing = 0;
		};
/* End PBXFrameworksBuildPhase section */

/* Begin PBXGroup section */
		2374C1612173B3D80015589D = {
			isa = PBXGroup;
			children = (
				2374C16C2173B3D80015589D /* NSWindowControllerAndNSWindow */,
				2374C16B2173B3D80015589D /* Products */,
			);
			sourceTree = "<group>";
		};
		2374C16B2173B3D80015589D /* Products */ = {
			isa = PBXGroup;
			children = (
				2374C16A2173B3D80015589D /* NSWindowControllerAndNSWindow.app */,
			);
			name = Products;
			sourceTree = "<group>";
		};
		2374C16C2173B3D80015589D /* NSWindowControllerAndNSWindow */ = {
			isa = PBXGroup;
			children = (
				2374C16D2173B3D80015589D /* AppDelegate.h */,
				2374C16E2173B3D80015589D /* AppDelegate.m */,
				2374C17E2173B3E70015589D /* MyWindow.h */,
				2374C17F2173B3E70015589D /* MyWindow.m */,
				2374C1702173B3D90015589D /* Assets.xcassets */,
				2374C1722173B3D90015589D /* MainMenu.xib */,
				2374C1752173B3D90015589D /* Info.plist */,
				2374C1762173B3D90015589D /* main.m */,
				2374C1782173B3D90015589D /* NSWindowControllerAndNSWindow.entitlements */,
			);
			path = NSWindowControllerAndNSWindow;
			sourceTree = "<group>";
		};
/* End PBXGroup section */

/* Begin PBXNativeTarget section */
		2374C1692173B3D80015589D /* NSWindowControllerAndNSWindow */ = {
			isa = PBXNativeTarget;
			buildConfigurationList = 2374C17B2173B3D90015589D /* Build configuration list for PBXNativeTarget "NSWindowControllerAndNSWindow" */;
			buildPhases = (
				2374C1662173B3D80015589D /* Sources */,
				2374C1672173B3D80015589D /* Frameworks */,
				2374C1682173B3D80015589D /* Resources */,
			);
			buildRules = (
			);
			dependencies = (
			);
			name = NSWindowControllerAndNSWindow;
			productName = NSWindowControllerAndNSWindow;
			productReference = 2374C16A2173B3D80015589D /* NSWindowControllerAndNSWindow.app */;
			productType = "com.apple.product-type.application";
		};
/* End PBXNativeTarget section */

/* Begin PBXProject section */
		2374C1622173B3D80015589D /* Project object */ = {
			isa = PBXProject;
			attributes = {
				LastUpgradeCheck = 1000;
				ORGANIZATIONNAME = EMMac;
				TargetAttributes = {
					2374C1692173B3D80015589D = {
						CreatedOnToolsVersion = 10.0;
					};
				};
			};
			buildConfigurationList = 2374C1652173B3D80015589D /* Build configuration list for PBXProject "NSWindowControllerAndNSWindow" */;
			compatibilityVersion = "Xcode 9.3";
			developmentRegion = en;
			hasScannedForEncodings = 0;
			knownRegions = (
				en,
				Base,
			);
			mainGroup = 2374C1612173B3D80015589D;
			productRefGroup = 2374C16B2173B3D80015589D /* Products */;
			projectDirPath = "";
			projectRoot = "";
			targets = (
				2374C1692173B3D80015589D /* NSWindowControllerAndNSWindow */,
			);
		};
/* End PBXProject section */

/* Begin PBXResourcesBuildPhase section */
		2374C1682173B3D80015589D /* Resources */ = {
			isa = PBXResourcesBuildPhase;
			buildActionMask = 2147483647;
			files = (
				2374C1712173B3D90015589D /* Assets.xcassets in Resources */,
				2374C1742173B3D90015589D /* MainMenu.xib in Resources */,
			);
			runOnlyForDeploymentPostprocessing = 0;
		};
/* End PBXResourcesBuildPhase section */

/* Begin PBXSourcesBuildPhase section */
		2374C1662173B3D80015589D /* Sources */ = {
			isa = PBXSourcesBuildPhase;
			buildActionMask = 2147483647;
			files = (
				2374C1802173B3E70015589D /* MyWindow.m in Sources */,
				2374C1772173B3D90015589D /* main.m in Sources */,
				2374C16F2173B3D80015589D /* AppDelegate.m in Sources */,
			);
			runOnlyForDeploymentPostprocessing = 0;
		};
/* End PBXSourcesBuildPhase section */

/* Begin PBXVariantGroup section */
		2374C1722173B3D90015589D /* MainMenu.xib */ = {
			isa = PBXVariantGroup;
			children = (
				2374C1732173B3D90015589D /* Base */,
			);
			name = MainMenu.xib;
			sourceTree = "<group>";
		};
/* End PBXVariantGroup section */

/* Begin XCBuildConfiguration section */
		2374C1792173B3D90015589D /* Debug */ = {
			isa = XCBuildConfiguration;
			buildSettings = {
				ALWAYS_SEARCH_USER_PATHS = NO;
				CLANG_ANALYZER_NONNULL = YES;
				CLANG_ANALYZER_NUMBER_OBJECT_CONVERSION = YES_AGGRESSIVE;
				CLANG_CXX_LANGUAGE_STANDARD = "gnu++14";
				CLANG_CXX_LIBRARY = "libc++";
				CLANG_ENABLE_MODULES = YES;
				CLANG_ENABLE_OBJC_ARC = YES;
				CLANG_ENABLE_OBJC_WEAK = YES;
				CLANG_WARN_BLOCK_CAPTURE_AUTORELEASING = YES;
				CLANG_WARN_BOOL_CONVERSION = YES;
				CLANG_WARN_COMMA = YES;
				CLANG_WARN_CONSTANT_CONVERSION = YES;
				CLANG_WARN_DEPRECATED_OBJC_IMPLEMENTATIONS = YES;
				CLANG_WARN_DIRECT_OBJC_ISA_USAGE = YES_ERROR;
				CLANG_WARN_DOCUMENTATION_COMMENTS = YES;
				CLANG_WARN_EMPTY_BODY = YES;
				CLANG_WARN_ENUM_CONVERSION = YES;
				CLANG_WARN_INFINITE_RECURSION = YES;
				CLANG_WARN_INT_CONVERSION = YES;
				CLANG_WARN_NON_LITERAL_NULL_CONVERSION = YES;
				CLANG_WARN_OBJC_IMPLICIT_RETAIN_SELF = YES;
				CLANG_WARN_OBJC_LITERAL_CONVERSION = YES;
				CLANG_WARN_OBJC_ROOT_CLASS = YES_ERROR;
				CLANG_WARN_RANGE_LOOP_ANALYSIS = YES;
				CLANG_WARN_STRICT_PROTOTYPES = YES;
				CLANG_WARN_SUSPICIOUS_MOVE = YES;
				CLANG_WARN_UNGUARDED_AVAILABILITY = YES_AGGRESSIVE;
				CLANG_WARN_UNREACHABLE_CODE = YES;
				CLANG_WARN__DUPLICATE_METHOD_MATCH = YES;
				CODE_SIGN_IDENTITY = "-";
				COPY_PHASE_STRIP = NO;
				DEBUG_INFORMATION_FORMAT = dwarf;
				ENABLE_STRICT_OBJC_MSGSEND = YES;
				ENABLE_TESTABILITY = YES;
				GCC_C_LANGUAGE_STANDARD = gnu11;
				GCC_DYNAMIC_NO_PIC = NO;
				GCC_NO_COMMON_BLOCKS = YES;
				GCC_OPTIMIZATION_LEVEL = 0;
				GCC_PREPROCESSOR_DEFINITIONS = (
					"DEBUG=1",
					"$(inherited)",
				);
				GCC_WARN_64_TO_32_BIT_CONVERSION = YES;
				GCC_WARN_ABOUT_RETURN_TYPE = YES_ERROR;
				GCC_WARN_UNDECLARED_SELECTOR = YES;
				GCC_WARN_UNINITIALIZED_AUTOS = YES_AGGRESSIVE;
				GCC_WARN_UNUSED_FUNCTION = YES;
				GCC_WARN_UNUSED_VARIABLE = YES;
				MACOSX_DEPLOYMENT_TARGET = 10.14;
				MTL_ENABLE_DEBUG_INFO = INCLUDE_SOURCE;
				MTL_FAST_MATH = YES;
				ONLY_ACTIVE_ARCH = YES;
				SDKROOT = macosx;
			};
			name = Debug;
		};
		2374C17A2173B3D90015589D /* Release */ = {
			isa = XCBuildConfiguration;
			buildSettings = {
				ALWAYS_SEARCH_USER_PATHS = NO;
				CLANG_ANALYZER_NONNULL = YES;
				CLANG_ANALYZER_NUMBER_OBJECT_CONVERSION = YES_AGGRESSIVE;
				CLANG_CXX_LANGUAGE_STANDARD = "gnu++14";
				CLANG_CXX_LIBRARY = "libc++";
				CLANG_ENABLE_MODULES = YES;
				CLANG_ENABLE_OBJC_ARC = YES;
				CLANG_ENABLE_OBJC_WEAK = YES;
				CLANG_WARN_BLOCK_CAPTURE_AUTORELEASING = YES;
				CLANG_WARN_BOOL_CONVERSION = YES;
				CLANG_WARN_COMMA = YES;
				CLANG_WARN_CONSTANT_CONVERSION = YES;
				CLANG_WARN_DEPRECATED_OBJC_IMPLEMENTATIONS = YES;
				CLANG_WARN_DIRECT_OBJC_ISA_USAGE = YES_ERROR;
				CLANG_WARN_DOCUMENTATION_COMMENTS = YES;
				CLANG_WARN_EMPTY_BODY = YES;
				CLANG_WARN_ENUM_CONVERSION = YES;
				CLANG_WARN_INFINITE_RECURSION = YES;
				CLANG_WARN_INT_CONVERSION = YES;
				CLANG_WARN_NON_LITERAL_NULL_CONVERSION = YES;
				CLANG_WARN_OBJC_IMPLICIT_RETAIN_SELF = YES;
				CLANG_WARN_OBJC_LITERAL_CONVERSION = YES;
				CLANG_WARN_OBJC_ROOT_CLASS = YES_ERROR;
				CLANG_WARN_RANGE_LOOP_ANALYSIS = YES;
				CLANG_WARN_STRICT_PROTOTYPES = YES;
				CLANG_WARN_SUSPICIOUS_MOVE = YES;
				CLANG_WARN_UNGUARDED_AVAILABILITY = YES_AGGRESSIVE;
				CLANG_WARN_UNREACHABLE_CODE = YES;
				CLANG_WARN__DUPLICATE_METHOD_MATCH = YES;
				CODE_SIGN_IDENTITY = "-";
				COPY_PHASE_STRIP = NO;
				DEBUG_INFORMATION_FORMAT = "dwarf-with-dsym";
				ENABLE_NS_ASSERTIONS = NO;
				ENABLE_STRICT_OBJC_MSGSEND = YES;
				GCC_C_LANGUAGE_STANDARD = gnu11;
				GCC_NO_COMMON_BLOCKS = YES;
				GCC_WARN_64_TO_32_BIT_CONVERSION = YES;
				GCC_WARN_ABOUT_RETURN_TYPE = YES_ERROR;
				GCC_WARN_UNDECLARED_SELECTOR = YES;
				GCC_WARN_UNINITIALIZED_AUTOS = YES_AGGRESSIVE;
				GCC_WARN_UNUSED_FUNCTION = YES;
				GCC_WARN_UNUSED_VARIABLE = YES;
				MACOSX_DEPLOYMENT_TARGET = 10.14;
				MTL_ENABLE_DEBUG_INFO = NO;
				MTL_FAST_MATH = YES;
				SDKROOT = macosx;
			};
			name = Release;
		};
		2374C17C2173B3D90015589D /* Debug */ = {
			isa = XCBuildConfiguration;
			buildSettings = {
				ASSETCATALOG_COMPILER_APPICON_NAME = AppIcon;
				CODE_SIGN_ENTITLEMENTS = NSWindowControllerAndNSWindow/NSWindowControllerAndNSWindow.entitlements;
				CODE_SIGN_STYLE = Automatic;
				COMBINE_HIDPI_IMAGES = YES;
				INFOPLIST_FILE = NSWindowControllerAndNSWindow/Info.plist;
				LD_RUNPATH_SEARCH_PATHS = (
					"$(inherited)",
					"@executable_path/../Frameworks",
				);
				PRODUCT_BUNDLE_IDENTIFIER = EastMoney.NSWindowControllerAndNSWindow;
				PRODUCT_NAME = "$(TARGET_NAME)";
			};
			name = Debug;
		};
		2374C17D2173B3D90015589D /* Release */ = {
			isa = XCBuildConfiguration;
			buildSettings = {
				ASSETCATALOG_COMPILER_APPICON_NAME = AppIcon;
				CODE_SIGN_ENTITLEMENTS = NSWindowControllerAndNSWindow/NSWindowControllerAndNSWindow.entitlements;
				CODE_SIGN_STYLE = Automatic;
				COMBINE_HIDPI_IMAGES = YES;
				INFOPLIST_FILE = NSWindowControllerAndNSWindow/Info.plist;
				LD_RUNPATH_SEARCH_PATHS = (
					"$(inherited)",
					"@executable_path/../Frameworks",
				);
				PRODUCT_BUNDLE_IDENTIFIER = EastMoney.NSWindowControllerAndNSWindow;
				PRODUCT_NAME = "$(TARGET_NAME)";
			};
			name = Release;
		};
/* End XCBuildConfiguration section */

/* Begin XCConfigurationList section */
		2374C1652173B3D80015589D /* Build configuration list for PBXProject "NSWindowControllerAndNSWindow" */ = {
			isa = XCConfigurationList;
			buildConfigurations = (
				2374C1792173B3D90015589D /* Debug */,
				2374C17A2173B3D90015589D /* Release */,
			);
			defaultConfigurationIsVisible = 0;
			defaultConfigurationName = Release;
		};
		2374C17B2173B3D90015589D /* Build configuration list for PBXNativeTarget "NSWindowControllerAndNSWindow" */ = {
			isa = XCConfigurationList;
			buildConfigurations = (
				2374C17C2173B3D90015589D /* Debug */,
				2374C17D2173B3D90015589D /* Release */,
			);
			defaultConfigurationIsVisible = 0;
			defaultConfigurationName = Release;
		};
/* End XCConfigurationList section */
	};
	rootObject = 2374C1622173B3D80015589D /* Project object */;
}
