// !$*UTF8*$!
{
	archiveVersion = 1;
	classes = {
	};
	objectVersion = 50;
	objects = {

/* Begin PBXBuildFile section */
		23A4F1C92171F59F00F264ED /* AppDelegate.m in Sources */ = {isa = PBXBuildFile; fileRef = 23A4F1C82171F59F00F264ED /* AppDelegate.m */; };
		23A4F1CB2171F5A000F264ED /* Assets.xcassets in Resources */ = {isa = PBXBuildFile; fileRef = 23A4F1CA2171F5A000F264ED /* Assets.xcassets */; };
		23A4F1CE2171F5A000F264ED /* MainMenu.xib in Resources */ = {isa = PBXBuildFile; fileRef = 23A4F1CC2171F5A000F264ED /* MainMenu.xib */; };
		23A4F1D12171F5A000F264ED /* main.m in Sources */ = {isa = PBXBuildFile; fileRef = 23A4F1D02171F5A000F264ED /* main.m */; };
		23A4F1D921739F0200F264ED /* youdao.png in Resources */ = {isa = PBXBuildFile; fileRef = 23A4F1D821739F0200F264ED /* youdao.png */; };
		23A4F1DD2173A18800F264ED /* AppViewController.m in Sources */ = {isa = PBXBuildFile; fileRef = 23A4F1DB2173A18800F264ED /* AppViewController.m */; };
		23A4F1DE2173A18800F264ED /* AppViewController.xib in Resources */ = {isa = PBXBuildFile; fileRef = 23A4F1DC2173A18800F264ED /* AppViewController.xib */; };
		23A4F1E02173A2F500F264ED /* kline.png in Resources */ = {isa = PBXBuildFile; fileRef = 23A4F1DF2173A2F500F264ED /* kline.png */; };
/* End PBXBuildFile section */

/* Begin PBXFileReference section */
		23A4F1C42171F59F00F264ED /* NSStatusBar.app */ = {isa = PBXFileReference; explicitFileType = wrapper.application; includeInIndex = 0; path = NSStatusBar.app; sourceTree = BUILT_PRODUCTS_DIR; };
		23A4F1C72171F59F00F264ED /* AppDelegate.h */ = {isa = PBXFileReference; lastKnownFileType = sourcecode.c.h; path = AppDelegate.h; sourceTree = "<group>"; };
		23A4F1C82171F59F00F264ED /* AppDelegate.m */ = {isa = PBXFileReference; lastKnownFileType = sourcecode.c.objc; path = AppDelegate.m; sourceTree = "<group>"; };
		23A4F1CA2171F5A000F264ED /* Assets.xcassets */ = {isa = PBXFileReference; lastKnownFileType = folder.assetcatalog; path = Assets.xcassets; sourceTree = "<group>"; };
		23A4F1CD2171F5A000F264ED /* Base */ = {isa = PBXFileReference; lastKnownFileType = file.xib; name = Base; path = Base.lproj/MainMenu.xib; sourceTree = "<group>"; };
		23A4F1CF2171F5A000F264ED /* Info.plist */ = {isa = PBXFileReference; lastKnownFileType = text.plist.xml; path = Info.plist; sourceTree = "<group>"; };
		23A4F1D02171F5A000F264ED /* main.m */ = {isa = PBXFileReference; lastKnownFileType = sourcecode.c.objc; path = main.m; sourceTree = "<group>"; };
		23A4F1D22171F5A000F264ED /* NSStatusBar.entitlements */ = {isa = PBXFileReference; lastKnownFileType = text.plist.entitlements; path = NSStatusBar.entitlements; sourceTree = "<group>"; };
		23A4F1D821739F0200F264ED /* youdao.png */ = {isa = PBXFileReference; lastKnownFileType = image.png; path = youdao.png; sourceTree = "<group>"; };
		23A4F1DA2173A18800F264ED /* AppViewController.h */ = {isa = PBXFileReference; lastKnownFileType = sourcecode.c.h; path = AppViewController.h; sourceTree = "<group>"; };
		23A4F1DB2173A18800F264ED /* AppViewController.m */ = {isa = PBXFileReference; lastKnownFileType = sourcecode.c.objc; path = AppViewController.m; sourceTree = "<group>"; };
		23A4F1DC2173A18800F264ED /* AppViewController.xib */ = {isa = PBXFileReference; lastKnownFileType = file.xib; path = AppViewController.xib; sourceTree = "<group>"; };
		23A4F1DF2173A2F500F264ED /* kline.png */ = {isa = PBXFileReference; lastKnownFileType = image.png; path = kline.png; sourceTree = "<group>"; };
/* End PBXFileReference section */

/* Begin PBXFrameworksBuildPhase section */
		23A4F1C12171F59F00F264ED /* Frameworks */ = {
			isa = PBXFrameworksBuildPhase;
			buildActionMask = 2147483647;
			files = (
			);
			runOnlyForDeploymentPostprocessing = 0;
		};
/* End PBXFrameworksBuildPhase section */

/* Begin PBXGroup section */
		23A4F1BB2171F59F00F264ED = {
			isa = PBXGroup;
			children = (
				23A4F1C62171F59F00F264ED /* NSStatusBar */,
				23A4F1C52171F59F00F264ED /* Products */,
			);
			sourceTree = "<group>";
		};
		23A4F1C52171F59F00F264ED /* Products */ = {
			isa = PBXGroup;
			children = (
				23A4F1C42171F59F00F264ED /* NSStatusBar.app */,
			);
			name = Products;
			sourceTree = "<group>";
		};
		23A4F1C62171F59F00F264ED /* NSStatusBar */ = {
			isa = PBXGroup;
			children = (
				23A4F1E12173A2FE00F264ED /* resource */,
				23A4F1C72171F59F00F264ED /* AppDelegate.h */,
				23A4F1C82171F59F00F264ED /* AppDelegate.m */,
				23A4F1CA2171F5A000F264ED /* Assets.xcassets */,
				23A4F1CC2171F5A000F264ED /* MainMenu.xib */,
				23A4F1DA2173A18800F264ED /* AppViewController.h */,
				23A4F1DB2173A18800F264ED /* AppViewController.m */,
				23A4F1DC2173A18800F264ED /* AppViewController.xib */,
				23A4F1CF2171F5A000F264ED /* Info.plist */,
				23A4F1D02171F5A000F264ED /* main.m */,
				23A4F1D22171F5A000F264ED /* NSStatusBar.entitlements */,
			);
			path = NSStatusBar;
			sourceTree = "<group>";
		};
		23A4F1E12173A2FE00F264ED /* resource */ = {
			isa = PBXGroup;
			children = (
				23A4F1D821739F0200F264ED /* youdao.png */,
				23A4F1DF2173A2F500F264ED /* kline.png */,
			);
			name = resource;
			sourceTree = "<group>";
		};
/* End PBXGroup section */

/* Begin PBXNativeTarget section */
		23A4F1C32171F59F00F264ED /* NSStatusBar */ = {
			isa = PBXNativeTarget;
			buildConfigurationList = 23A4F1D52171F5A000F264ED /* Build configuration list for PBXNativeTarget "NSStatusBar" */;
			buildPhases = (
				23A4F1C02171F59F00F264ED /* Sources */,
				23A4F1C12171F59F00F264ED /* Frameworks */,
				23A4F1C22171F59F00F264ED /* Resources */,
			);
			buildRules = (
			);
			dependencies = (
			);
			name = NSStatusBar;
			productName = NSStatusBar;
			productReference = 23A4F1C42171F59F00F264ED /* NSStatusBar.app */;
			productType = "com.apple.product-type.application";
		};
/* End PBXNativeTarget section */

/* Begin PBXProject section */
		23A4F1BC2171F59F00F264ED /* Project object */ = {
			isa = PBXProject;
			attributes = {
				LastUpgradeCheck = 1000;
				ORGANIZATIONNAME = EMMac;
				TargetAttributes = {
					23A4F1C32171F59F00F264ED = {
						CreatedOnToolsVersion = 10.0;
					};
				};
			};
			buildConfigurationList = 23A4F1BF2171F59F00F264ED /* Build configuration list for PBXProject "NSStatusBar" */;
			compatibilityVersion = "Xcode 9.3";
			developmentRegion = en;
			hasScannedForEncodings = 0;
			knownRegions = (
				en,
				Base,
			);
			mainGroup = 23A4F1BB2171F59F00F264ED;
			productRefGroup = 23A4F1C52171F59F00F264ED /* Products */;
			projectDirPath = "";
			projectRoot = "";
			targets = (
				23A4F1C32171F59F00F264ED /* NSStatusBar */,
			);
		};
/* End PBXProject section */

/* Begin PBXResourcesBuildPhase section */
		23A4F1C22171F59F00F264ED /* Resources */ = {
			isa = PBXResourcesBuildPhase;
			buildActionMask = 2147483647;
			files = (
				23A4F1CB2171F5A000F264ED /* Assets.xcassets in Resources */,
				23A4F1CE2171F5A000F264ED /* MainMenu.xib in Resources */,
				23A4F1DE2173A18800F264ED /* AppViewController.xib in Resources */,
				23A4F1E02173A2F500F264ED /* kline.png in Resources */,
				23A4F1D921739F0200F264ED /* youdao.png in Resources */,
			);
			runOnlyForDeploymentPostprocessing = 0;
		};
/* End PBXResourcesBuildPhase section */

/* Begin PBXSourcesBuildPhase section */
		23A4F1C02171F59F00F264ED /* Sources */ = {
			isa = PBXSourcesBuildPhase;
			buildActionMask = 2147483647;
			files = (
				23A4F1D12171F5A000F264ED /* main.m in Sources */,
				23A4F1DD2173A18800F264ED /* AppViewController.m in Sources */,
				23A4F1C92171F59F00F264ED /* AppDelegate.m in Sources */,
			);
			runOnlyForDeploymentPostprocessing = 0;
		};
/* End PBXSourcesBuildPhase section */

/* Begin PBXVariantGroup section */
		23A4F1CC2171F5A000F264ED /* MainMenu.xib */ = {
			isa = PBXVariantGroup;
			children = (
				23A4F1CD2171F5A000F264ED /* Base */,
			);
			name = MainMenu.xib;
			sourceTree = "<group>";
		};
/* End PBXVariantGroup section */

/* Begin XCBuildConfiguration section */
		23A4F1D32171F5A000F264ED /* Debug */ = {
			isa = XCBuildConfiguration;
			buildSettings = {
				ALWAYS_SEARCH_USER_PATHS = NO;
				CLANG_ANALYZER_NONNULL = YES;
				CLANG_ANALYZER_NUMBER_OBJECT_CONVERSION = YES_AGGRESSIVE;
				CLANG_CXX_LANGUAGE_STANDARD = "gnu++14";
				CLANG_CXX_LIBRARY = "libc++";
				CLANG_ENABLE_MODULES = YES;
				CLANG_ENABLE_OBJC_ARC = YES;
				CLANG_ENABLE_OBJC_WEAK = YES;
				CLANG_WARN_BLOCK_CAPTURE_AUTORELEASING = YES;
				CLANG_WARN_BOOL_CONVERSION = YES;
				CLANG_WARN_COMMA = YES;
				CLANG_WARN_CONSTANT_CONVERSION = YES;
				CLANG_WARN_DEPRECATED_OBJC_IMPLEMENTATIONS = YES;
				CLANG_WARN_DIRECT_OBJC_ISA_USAGE = YES_ERROR;
				CLANG_WARN_DOCUMENTATION_COMMENTS = YES;
				CLANG_WARN_EMPTY_BODY = YES;
				CLANG_WARN_ENUM_CONVERSION = YES;
				CLANG_WARN_INFINITE_RECURSION = YES;
				CLANG_WARN_INT_CONVERSION = YES;
				CLANG_WARN_NON_LITERAL_NULL_CONVERSION = YES;
				CLANG_WARN_OBJC_IMPLICIT_RETAIN_SELF = YES;
				CLANG_WARN_OBJC_LITERAL_CONVERSION = YES;
				CLANG_WARN_OBJC_ROOT_CLASS = YES_ERROR;
				CLANG_WARN_RANGE_LOOP_ANALYSIS = YES;
				CLANG_WARN_STRICT_PROTOTYPES = YES;
				CLANG_WARN_SUSPICIOUS_MOVE = YES;
				CLANG_WARN_UNGUARDED_AVAILABILITY = YES_AGGRESSIVE;
				CLANG_WARN_UNREACHABLE_CODE = YES;
				CLANG_WARN__DUPLICATE_METHOD_MATCH = YES;
				CODE_SIGN_IDENTITY = "-";
				COPY_PHASE_STRIP = NO;
				DEBUG_INFORMATION_FORMAT = dwarf;
				ENABLE_STRICT_OBJC_MSGSEND = YES;
				ENABLE_TESTABILITY = YES;
				GCC_C_LANGUAGE_STANDARD = gnu11;
				GCC_DYNAMIC_NO_PIC = NO;
				GCC_NO_COMMON_BLOCKS = YES;
				GCC_OPTIMIZATION_LEVEL = 0;
				GCC_PREPROCESSOR_DEFINITIONS = (
					"DEBUG=1",
					"$(inherited)",
				);
				GCC_WARN_64_TO_32_BIT_CONVERSION = YES;
				GCC_WARN_ABOUT_RETURN_TYPE = YES_ERROR;
				GCC_WARN_UNDECLARED_SELECTOR = YES;
				GCC_WARN_UNINITIALIZED_AUTOS = YES_AGGRESSIVE;
				GCC_WARN_UNUSED_FUNCTION = YES;
				GCC_WARN_UNUSED_VARIABLE = YES;
				MACOSX_DEPLOYMENT_TARGET = 10.14;
				MTL_ENABLE_DEBUG_INFO = INCLUDE_SOURCE;
				MTL_FAST_MATH = YES;
				ONLY_ACTIVE_ARCH = YES;
				SDKROOT = macosx;
			};
			name = Debug;
		};
		23A4F1D42171F5A000F264ED /* Release */ = {
			isa = XCBuildConfiguration;
			buildSettings = {
				ALWAYS_SEARCH_USER_PATHS = NO;
				CLANG_ANALYZER_NONNULL = YES;
				CLANG_ANALYZER_NUMBER_OBJECT_CONVERSION = YES_AGGRESSIVE;
				CLANG_CXX_LANGUAGE_STANDARD = "gnu++14";
				CLANG_CXX_LIBRARY = "libc++";
				CLANG_ENABLE_MODULES = YES;
				CLANG_ENABLE_OBJC_ARC = YES;
				CLANG_ENABLE_OBJC_WEAK = YES;
				CLANG_WARN_BLOCK_CAPTURE_AUTORELEASING = YES;
				CLANG_WARN_BOOL_CONVERSION = YES;
				CLANG_WARN_COMMA = YES;
				CLANG_WARN_CONSTANT_CONVERSION = YES;
				CLANG_WARN_DEPRECATED_OBJC_IMPLEMENTATIONS = YES;
				CLANG_WARN_DIRECT_OBJC_ISA_USAGE = YES_ERROR;
				CLANG_WARN_DOCUMENTATION_COMMENTS = YES;
				CLANG_WARN_EMPTY_BODY = YES;
				CLANG_WARN_ENUM_CONVERSION = YES;
				CLANG_WARN_INFINITE_RECURSION = YES;
				CLANG_WARN_INT_CONVERSION = YES;
				CLANG_WARN_NON_LITERAL_NULL_CONVERSION = YES;
				CLANG_WARN_OBJC_IMPLICIT_RETAIN_SELF = YES;
				CLANG_WARN_OBJC_LITERAL_CONVERSION = YES;
				CLANG_WARN_OBJC_ROOT_CLASS = YES_ERROR;
				CLANG_WARN_RANGE_LOOP_ANALYSIS = YES;
				CLANG_WARN_STRICT_PROTOTYPES = YES;
				CLANG_WARN_SUSPICIOUS_MOVE = YES;
				CLANG_WARN_UNGUARDED_AVAILABILITY = YES_AGGRESSIVE;
				CLANG_WARN_UNREACHABLE_CODE = YES;
				CLANG_WARN__DUPLICATE_METHOD_MATCH = YES;
				CODE_SIGN_IDENTITY = "-";
				COPY_PHASE_STRIP = NO;
				DEBUG_INFORMATION_FORMAT = "dwarf-with-dsym";
				ENABLE_NS_ASSERTIONS = NO;
				ENABLE_STRICT_OBJC_MSGSEND = YES;
				GCC_C_LANGUAGE_STANDARD = gnu11;
				GCC_NO_COMMON_BLOCKS = YES;
				GCC_WARN_64_TO_32_BIT_CONVERSION = YES;
				GCC_WARN_ABOUT_RETURN_TYPE = YES_ERROR;
				GCC_WARN_UNDECLARED_SELECTOR = YES;
				GCC_WARN_UNINITIALIZED_AUTOS = YES_AGGRESSIVE;
				GCC_WARN_UNUSED_FUNCTION = YES;
				GCC_WARN_UNUSED_VARIABLE = YES;
				MACOSX_DEPLOYMENT_TARGET = 10.14;
				MTL_ENABLE_DEBUG_INFO = NO;
				MTL_FAST_MATH = YES;
				SDKROOT = macosx;
			};
			name = Release;
		};
		23A4F1D62171F5A000F264ED /* Debug */ = {
			isa = XCBuildConfiguration;
			buildSettings = {
				ASSETCATALOG_COMPILER_APPICON_NAME = AppIcon;
				CODE_SIGN_ENTITLEMENTS = NSStatusBar/NSStatusBar.entitlements;
				CODE_SIGN_STYLE = Automatic;
				COMBINE_HIDPI_IMAGES = YES;
				INFOPLIST_FILE = NSStatusBar/Info.plist;
				LD_RUNPATH_SEARCH_PATHS = (
					"$(inherited)",
					"@executable_path/../Frameworks",
				);
				PRODUCT_BUNDLE_IDENTIFIER = EastMoney.NSStatusBar;
				PRODUCT_NAME = "$(TARGET_NAME)";
			};
			name = Debug;
		};
		23A4F1D72171F5A000F264ED /* Release */ = {
			isa = XCBuildConfiguration;
			buildSettings = {
				ASSETCATALOG_COMPILER_APPICON_NAME = AppIcon;
				CODE_SIGN_ENTITLEMENTS = NSStatusBar/NSStatusBar.entitlements;
				CODE_SIGN_STYLE = Automatic;
				COMBINE_HIDPI_IMAGES = YES;
				INFOPLIST_FILE = NSStatusBar/Info.plist;
				LD_RUNPATH_SEARCH_PATHS = (
					"$(inherited)",
					"@executable_path/../Frameworks",
				);
				PRODUCT_BUNDLE_IDENTIFIER = EastMoney.NSStatusBar;
				PRODUCT_NAME = "$(TARGET_NAME)";
			};
			name = Release;
		};
/* End XCBuildConfiguration section */

/* Begin XCConfigurationList section */
		23A4F1BF2171F59F00F264ED /* Build configuration list for PBXProject "NSStatusBar" */ = {
			isa = XCConfigurationList;
			buildConfigurations = (
				23A4F1D32171F5A000F264ED /* Debug */,
				23A4F1D42171F5A000F264ED /* Release */,
			);
			defaultConfigurationIsVisible = 0;
			defaultConfigurationName = Release;
		};
		23A4F1D52171F5A000F264ED /* Build configuration list for PBXNativeTarget "NSStatusBar" */ = {
			isa = XCConfigurationList;
			buildConfigurations = (
				23A4F1D62171F5A000F264ED /* Debug */,
				23A4F1D72171F5A000F264ED /* Release */,
			);
			defaultConfigurationIsVisible = 0;
			defaultConfigurationName = Release;
		};
/* End XCConfigurationList section */
	};
	rootObject = 23A4F1BC2171F59F00F264ED /* Project object */;
}
