// !$*UTF8*$!
{
	archiveVersion = 1;
	classes = {
	};
	objectVersion = 50;
	objects = {

/* Begin PBXBuildFile section */
		23AC4835217798B6009A0654 /* AppDelegate.m in Sources */ = {isa = PBXBuildFile; fileRef = 23AC4834217798B6009A0654 /* AppDelegate.m */; };
		23AC4837217798B7009A0654 /* Assets.xcassets in Resources */ = {isa = PBXBuildFile; fileRef = 23AC4836217798B7009A0654 /* Assets.xcassets */; };
		23AC483A217798B7009A0654 /* MainMenu.xib in Resources */ = {isa = PBXBuildFile; fileRef = 23AC4838217798B7009A0654 /* MainMenu.xib */; };
		23AC483D217798B7009A0654 /* main.m in Sources */ = {isa = PBXBuildFile; fileRef = 23AC483C217798B7009A0654 /* main.m */; };
		23AC4847217798CC009A0654 /* LYViewController.m in Sources */ = {isa = PBXBuildFile; fileRef = 23AC4845217798CC009A0654 /* LYViewController.m */; };
		23AC4848217798CC009A0654 /* LYViewController.xib in Resources */ = {isa = PBXBuildFile; fileRef = 23AC4846217798CC009A0654 /* LYViewController.xib */; };
		23AC484A21779D0C009A0654 /* Storyboard.storyboard in Resources */ = {isa = PBXBuildFile; fileRef = 23AC484921779D0C009A0654 /* Storyboard.storyboard */; };
		23AC484D21779E1F009A0654 /* LYViewController2.m in Sources */ = {isa = PBXBuildFile; fileRef = 23AC484C21779E1F009A0654 /* LYViewController2.m */; };
		23AC484F21779F69009A0654 /* BaseView.xib in Resources */ = {isa = PBXBuildFile; fileRef = 23AC484E21779F69009A0654 /* BaseView.xib */; };
		23AC485221779F9E009A0654 /* LYViewController3.m in Sources */ = {isa = PBXBuildFile; fileRef = 23AC485121779F9E009A0654 /* LYViewController3.m */; };
/* End PBXBuildFile section */

/* Begin PBXFileReference section */
		23AC4830217798B6009A0654 /* NSViewController.app */ = {isa = PBXFileReference; explicitFileType = wrapper.application; includeInIndex = 0; path = NSViewController.app; sourceTree = BUILT_PRODUCTS_DIR; };
		23AC4833217798B6009A0654 /* AppDelegate.h */ = {isa = PBXFileReference; lastKnownFileType = sourcecode.c.h; path = AppDelegate.h; sourceTree = "<group>"; };
		23AC4834217798B6009A0654 /* AppDelegate.m */ = {isa = PBXFileReference; lastKnownFileType = sourcecode.c.objc; path = AppDelegate.m; sourceTree = "<group>"; };
		23AC4836217798B7009A0654 /* Assets.xcassets */ = {isa = PBXFileReference; lastKnownFileType = folder.assetcatalog; path = Assets.xcassets; sourceTree = "<group>"; };
		23AC4839217798B7009A0654 /* Base */ = {isa = PBXFileReference; lastKnownFileType = file.xib; name = Base; path = Base.lproj/MainMenu.xib; sourceTree = "<group>"; };
		23AC483B217798B7009A0654 /* Info.plist */ = {isa = PBXFileReference; lastKnownFileType = text.plist.xml; path = Info.plist; sourceTree = "<group>"; };
		23AC483C217798B7009A0654 /* main.m */ = {isa = PBXFileReference; lastKnownFileType = sourcecode.c.objc; path = main.m; sourceTree = "<group>"; };
		23AC483E217798B7009A0654 /* NSViewController.entitlements */ = {isa = PBXFileReference; lastKnownFileType = text.plist.entitlements; path = NSViewController.entitlements; sourceTree = "<group>"; };
		23AC4844217798CC009A0654 /* LYViewController.h */ = {isa = PBXFileReference; lastKnownFileType = sourcecode.c.h; path = LYViewController.h; sourceTree = "<group>"; };
		23AC4845217798CC009A0654 /* LYViewController.m */ = {isa = PBXFileReference; lastKnownFileType = sourcecode.c.objc; path = LYViewController.m; sourceTree = "<group>"; };
		23AC4846217798CC009A0654 /* LYViewController.xib */ = {isa = PBXFileReference; lastKnownFileType = file.xib; path = LYViewController.xib; sourceTree = "<group>"; };
		23AC484921779D0C009A0654 /* Storyboard.storyboard */ = {isa = PBXFileReference; lastKnownFileType = file.storyboard; path = Storyboard.storyboard; sourceTree = "<group>"; };
		23AC484B21779E1F009A0654 /* LYViewController2.h */ = {isa = PBXFileReference; lastKnownFileType = sourcecode.c.h; path = LYViewController2.h; sourceTree = "<group>"; };
		23AC484C21779E1F009A0654 /* LYViewController2.m */ = {isa = PBXFileReference; lastKnownFileType = sourcecode.c.objc; path = LYViewController2.m; sourceTree = "<group>"; };
		23AC484E21779F69009A0654 /* BaseView.xib */ = {isa = PBXFileReference; lastKnownFileType = file.xib; path = BaseView.xib; sourceTree = "<group>"; };
		23AC485021779F9E009A0654 /* LYViewController3.h */ = {isa = PBXFileReference; lastKnownFileType = sourcecode.c.h; path = LYViewController3.h; sourceTree = "<group>"; };
		23AC485121779F9E009A0654 /* LYViewController3.m */ = {isa = PBXFileReference; lastKnownFileType = sourcecode.c.objc; path = LYViewController3.m; sourceTree = "<group>"; };
/* End PBXFileReference section */

/* Begin PBXFrameworksBuildPhase section */
		23AC482D217798B6009A0654 /* Frameworks */ = {
			isa = PBXFrameworksBuildPhase;
			buildActionMask = 2147483647;
			files = (
			);
			runOnlyForDeploymentPostprocessing = 0;
		};
/* End PBXFrameworksBuildPhase section */

/* Begin PBXGroup section */
		23AC4827217798B6009A0654 = {
			isa = PBXGroup;
			children = (
				23AC484921779D0C009A0654 /* Storyboard.storyboard */,
				23AC4832217798B6009A0654 /* NSViewController */,
				23AC4831217798B6009A0654 /* Products */,
			);
			sourceTree = "<group>";
		};
		23AC4831217798B6009A0654 /* Products */ = {
			isa = PBXGroup;
			children = (
				23AC4830217798B6009A0654 /* NSViewController.app */,
			);
			name = Products;
			sourceTree = "<group>";
		};
		23AC4832217798B6009A0654 /* NSViewController */ = {
			isa = PBXGroup;
			children = (
				23AC4833217798B6009A0654 /* AppDelegate.h */,
				23AC4834217798B6009A0654 /* AppDelegate.m */,
				23AC4844217798CC009A0654 /* LYViewController.h */,
				23AC4845217798CC009A0654 /* LYViewController.m */,
				23AC4846217798CC009A0654 /* LYViewController.xib */,
				23AC484B21779E1F009A0654 /* LYViewController2.h */,
				23AC484C21779E1F009A0654 /* LYViewController2.m */,
				23AC484E21779F69009A0654 /* BaseView.xib */,
				23AC485021779F9E009A0654 /* LYViewController3.h */,
				23AC485121779F9E009A0654 /* LYViewController3.m */,
				23AC4836217798B7009A0654 /* Assets.xcassets */,
				23AC4838217798B7009A0654 /* MainMenu.xib */,
				23AC483B217798B7009A0654 /* Info.plist */,
				23AC483C217798B7009A0654 /* main.m */,
				23AC483E217798B7009A0654 /* NSViewController.entitlements */,
			);
			path = NSViewController;
			sourceTree = "<group>";
		};
/* End PBXGroup section */

/* Begin PBXNativeTarget section */
		23AC482F217798B6009A0654 /* NSViewController */ = {
			isa = PBXNativeTarget;
			buildConfigurationList = 23AC4841217798B7009A0654 /* Build configuration list for PBXNativeTarget "NSViewController" */;
			buildPhases = (
				23AC482C217798B6009A0654 /* Sources */,
				23AC482D217798B6009A0654 /* Frameworks */,
				23AC482E217798B6009A0654 /* Resources */,
			);
			buildRules = (
			);
			dependencies = (
			);
			name = NSViewController;
			productName = NSViewController;
			productReference = 23AC4830217798B6009A0654 /* NSViewController.app */;
			productType = "com.apple.product-type.application";
		};
/* End PBXNativeTarget section */

/* Begin PBXProject section */
		23AC4828217798B6009A0654 /* Project object */ = {
			isa = PBXProject;
			attributes = {
				LastUpgradeCheck = 1000;
				ORGANIZATIONNAME = EMMac;
				TargetAttributes = {
					23AC482F217798B6009A0654 = {
						CreatedOnToolsVersion = 10.0;
					};
				};
			};
			buildConfigurationList = 23AC482B217798B6009A0654 /* Build configuration list for PBXProject "NSViewController" */;
			compatibilityVersion = "Xcode 9.3";
			developmentRegion = en;
			hasScannedForEncodings = 0;
			knownRegions = (
				en,
				Base,
			);
			mainGroup = 23AC4827217798B6009A0654;
			productRefGroup = 23AC4831217798B6009A0654 /* Products */;
			projectDirPath = "";
			projectRoot = "";
			targets = (
				23AC482F217798B6009A0654 /* NSViewController */,
			);
		};
/* End PBXProject section */

/* Begin PBXResourcesBuildPhase section */
		23AC482E217798B6009A0654 /* Resources */ = {
			isa = PBXResourcesBuildPhase;
			buildActionMask = 2147483647;
			files = (
				23AC4837217798B7009A0654 /* Assets.xcassets in Resources */,
				23AC484A21779D0C009A0654 /* Storyboard.storyboard in Resources */,
				23AC484F21779F69009A0654 /* BaseView.xib in Resources */,
				23AC4848217798CC009A0654 /* LYViewController.xib in Resources */,
				23AC483A217798B7009A0654 /* MainMenu.xib in Resources */,
			);
			runOnlyForDeploymentPostprocessing = 0;
		};
/* End PBXResourcesBuildPhase section */

/* Begin PBXSourcesBuildPhase section */
		23AC482C217798B6009A0654 /* Sources */ = {
			isa = PBXSourcesBuildPhase;
			buildActionMask = 2147483647;
			files = (
				23AC484D21779E1F009A0654 /* LYViewController2.m in Sources */,
				23AC483D217798B7009A0654 /* main.m in Sources */,
				23AC485221779F9E009A0654 /* LYViewController3.m in Sources */,
				23AC4835217798B6009A0654 /* AppDelegate.m in Sources */,
				23AC4847217798CC009A0654 /* LYViewController.m in Sources */,
			);
			runOnlyForDeploymentPostprocessing = 0;
		};
/* End PBXSourcesBuildPhase section */

/* Begin PBXVariantGroup section */
		23AC4838217798B7009A0654 /* MainMenu.xib */ = {
			isa = PBXVariantGroup;
			children = (
				23AC4839217798B7009A0654 /* Base */,
			);
			name = MainMenu.xib;
			sourceTree = "<group>";
		};
/* End PBXVariantGroup section */

/* Begin XCBuildConfiguration section */
		23AC483F217798B7009A0654 /* Debug */ = {
			isa = XCBuildConfiguration;
			buildSettings = {
				ALWAYS_SEARCH_USER_PATHS = NO;
				CLANG_ANALYZER_NONNULL = YES;
				CLANG_ANALYZER_NUMBER_OBJECT_CONVERSION = YES_AGGRESSIVE;
				CLANG_CXX_LANGUAGE_STANDARD = "gnu++14";
				CLANG_CXX_LIBRARY = "libc++";
				CLANG_ENABLE_MODULES = YES;
				CLANG_ENABLE_OBJC_ARC = YES;
				CLANG_ENABLE_OBJC_WEAK = YES;
				CLANG_WARN_BLOCK_CAPTURE_AUTORELEASING = YES;
				CLANG_WARN_BOOL_CONVERSION = YES;
				CLANG_WARN_COMMA = YES;
				CLANG_WARN_CONSTANT_CONVERSION = YES;
				CLANG_WARN_DEPRECATED_OBJC_IMPLEMENTATIONS = YES;
				CLANG_WARN_DIRECT_OBJC_ISA_USAGE = YES_ERROR;
				CLANG_WARN_DOCUMENTATION_COMMENTS = YES;
				CLANG_WARN_EMPTY_BODY = YES;
				CLANG_WARN_ENUM_CONVERSION = YES;
				CLANG_WARN_INFINITE_RECURSION = YES;
				CLANG_WARN_INT_CONVERSION = YES;
				CLANG_WARN_NON_LITERAL_NULL_CONVERSION = YES;
				CLANG_WARN_OBJC_IMPLICIT_RETAIN_SELF = YES;
				CLANG_WARN_OBJC_LITERAL_CONVERSION = YES;
				CLANG_WARN_OBJC_ROOT_CLASS = YES_ERROR;
				CLANG_WARN_RANGE_LOOP_ANALYSIS = YES;
				CLANG_WARN_STRICT_PROTOTYPES = YES;
				CLANG_WARN_SUSPICIOUS_MOVE = YES;
				CLANG_WARN_UNGUARDED_AVAILABILITY = YES_AGGRESSIVE;
				CLANG_WARN_UNREACHABLE_CODE = YES;
				CLANG_WARN__DUPLICATE_METHOD_MATCH = YES;
				CODE_SIGN_IDENTITY = "-";
				COPY_PHASE_STRIP = NO;
				DEBUG_INFORMATION_FORMAT = dwarf;
				ENABLE_STRICT_OBJC_MSGSEND = YES;
				ENABLE_TESTABILITY = YES;
				GCC_C_LANGUAGE_STANDARD = gnu11;
				GCC_DYNAMIC_NO_PIC = NO;
				GCC_NO_COMMON_BLOCKS = YES;
				GCC_OPTIMIZATION_LEVEL = 0;
				GCC_PREPROCESSOR_DEFINITIONS = (
					"DEBUG=1",
					"$(inherited)",
				);
				GCC_WARN_64_TO_32_BIT_CONVERSION = YES;
				GCC_WARN_ABOUT_RETURN_TYPE = YES_ERROR;
				GCC_WARN_UNDECLARED_SELECTOR = YES;
				GCC_WARN_UNINITIALIZED_AUTOS = YES_AGGRESSIVE;
				GCC_WARN_UNUSED_FUNCTION = YES;
				GCC_WARN_UNUSED_VARIABLE = YES;
				MACOSX_DEPLOYMENT_TARGET = 10.14;
				MTL_ENABLE_DEBUG_INFO = INCLUDE_SOURCE;
				MTL_FAST_MATH = YES;
				ONLY_ACTIVE_ARCH = YES;
				SDKROOT = macosx;
			};
			name = Debug;
		};
		23AC4840217798B7009A0654 /* Release */ = {
			isa = XCBuildConfiguration;
			buildSettings = {
				ALWAYS_SEARCH_USER_PATHS = NO;
				CLANG_ANALYZER_NONNULL = YES;
				CLANG_ANALYZER_NUMBER_OBJECT_CONVERSION = YES_AGGRESSIVE;
				CLANG_CXX_LANGUAGE_STANDARD = "gnu++14";
				CLANG_CXX_LIBRARY = "libc++";
				CLANG_ENABLE_MODULES = YES;
				CLANG_ENABLE_OBJC_ARC = YES;
				CLANG_ENABLE_OBJC_WEAK = YES;
				CLANG_WARN_BLOCK_CAPTURE_AUTORELEASING = YES;
				CLANG_WARN_BOOL_CONVERSION = YES;
				CLANG_WARN_COMMA = YES;
				CLANG_WARN_CONSTANT_CONVERSION = YES;
				CLANG_WARN_DEPRECATED_OBJC_IMPLEMENTATIONS = YES;
				CLANG_WARN_DIRECT_OBJC_ISA_USAGE = YES_ERROR;
				CLANG_WARN_DOCUMENTATION_COMMENTS = YES;
				CLANG_WARN_EMPTY_BODY = YES;
				CLANG_WARN_ENUM_CONVERSION = YES;
				CLANG_WARN_INFINITE_RECURSION = YES;
				CLANG_WARN_INT_CONVERSION = YES;
				CLANG_WARN_NON_LITERAL_NULL_CONVERSION = YES;
				CLANG_WARN_OBJC_IMPLICIT_RETAIN_SELF = YES;
				CLANG_WARN_OBJC_LITERAL_CONVERSION = YES;
				CLANG_WARN_OBJC_ROOT_CLASS = YES_ERROR;
				CLANG_WARN_RANGE_LOOP_ANALYSIS = YES;
				CLANG_WARN_STRICT_PROTOTYPES = YES;
				CLANG_WARN_SUSPICIOUS_MOVE = YES;
				CLANG_WARN_UNGUARDED_AVAILABILITY = YES_AGGRESSIVE;
				CLANG_WARN_UNREACHABLE_CODE = YES;
				CLANG_WARN__DUPLICATE_METHOD_MATCH = YES;
				CODE_SIGN_IDENTITY = "-";
				COPY_PHASE_STRIP = NO;
				DEBUG_INFORMATION_FORMAT = "dwarf-with-dsym";
				ENABLE_NS_ASSERTIONS = NO;
				ENABLE_STRICT_OBJC_MSGSEND = YES;
				GCC_C_LANGUAGE_STANDARD = gnu11;
				GCC_NO_COMMON_BLOCKS = YES;
				GCC_WARN_64_TO_32_BIT_CONVERSION = YES;
				GCC_WARN_ABOUT_RETURN_TYPE = YES_ERROR;
				GCC_WARN_UNDECLARED_SELECTOR = YES;
				GCC_WARN_UNINITIALIZED_AUTOS = YES_AGGRESSIVE;
				GCC_WARN_UNUSED_FUNCTION = YES;
				GCC_WARN_UNUSED_VARIABLE = YES;
				MACOSX_DEPLOYMENT_TARGET = 10.14;
				MTL_ENABLE_DEBUG_INFO = NO;
				MTL_FAST_MATH = YES;
				SDKROOT = macosx;
			};
			name = Release;
		};
		23AC4842217798B7009A0654 /* Debug */ = {
			isa = XCBuildConfiguration;
			buildSettings = {
				ASSETCATALOG_COMPILER_APPICON_NAME = AppIcon;
				CODE_SIGN_ENTITLEMENTS = NSViewController/NSViewController.entitlements;
				CODE_SIGN_STYLE = Automatic;
				COMBINE_HIDPI_IMAGES = YES;
				INFOPLIST_FILE = NSViewController/Info.plist;
				LD_RUNPATH_SEARCH_PATHS = (
					"$(inherited)",
					"@executable_path/../Frameworks",
				);
				PRODUCT_BUNDLE_IDENTIFIER = EastMoney.NSViewController;
				PRODUCT_NAME = "$(TARGET_NAME)";
			};
			name = Debug;
		};
		23AC4843217798B7009A0654 /* Release */ = {
			isa = XCBuildConfiguration;
			buildSettings = {
				ASSETCATALOG_COMPILER_APPICON_NAME = AppIcon;
				CODE_SIGN_ENTITLEMENTS = NSViewController/NSViewController.entitlements;
				CODE_SIGN_STYLE = Automatic;
				COMBINE_HIDPI_IMAGES = YES;
				INFOPLIST_FILE = NSViewController/Info.plist;
				LD_RUNPATH_SEARCH_PATHS = (
					"$(inherited)",
					"@executable_path/../Frameworks",
				);
				PRODUCT_BUNDLE_IDENTIFIER = EastMoney.NSViewController;
				PRODUCT_NAME = "$(TARGET_NAME)";
			};
			name = Release;
		};
/* End XCBuildConfiguration section */

/* Begin XCConfigurationList section */
		23AC482B217798B6009A0654 /* Build configuration list for PBXProject "NSViewController" */ = {
			isa = XCConfigurationList;
			buildConfigurations = (
				23AC483F217798B7009A0654 /* Debug */,
				23AC4840217798B7009A0654 /* Release */,
			);
			defaultConfigurationIsVisible = 0;
			defaultConfigurationName = Release;
		};
		23AC4841217798B7009A0654 /* Build configuration list for PBXNativeTarget "NSViewController" */ = {
			isa = XCConfigurationList;
			buildConfigurations = (
				23AC4842217798B7009A0654 /* Debug */,
				23AC4843217798B7009A0654 /* Release */,
			);
			defaultConfigurationIsVisible = 0;
			defaultConfigurationName = Release;
		};
/* End XCConfigurationList section */
	};
	rootObject = 23AC4828217798B6009A0654 /* Project object */;
}
