// !$*UTF8*$!
{
	archiveVersion = 1;
	classes = {
	};
	objectVersion = 50;
	objects = {

/* Begin PBXBuildFile section */
		23A64980216E66FF009975E6 /* AppDelegate.m in Sources */ = {isa = PBXBuildFile; fileRef = 23A6497F216E66FF009975E6 /* AppDelegate.m */; };
		23A64982216E6700009975E6 /* Assets.xcassets in Resources */ = {isa = PBXBuildFile; fileRef = 23A64981216E6700009975E6 /* Assets.xcassets */; };
		23A64985216E6700009975E6 /* MainMenu.xib in Resources */ = {isa = PBXBuildFile; fileRef = 23A64983216E6700009975E6 /* MainMenu.xib */; };
		23A64988216E6700009975E6 /* main.m in Sources */ = {isa = PBXBuildFile; fileRef = 23A64987216E6700009975E6 /* main.m */; };
		23A64990216E6711009975E6 /* MyPanel.xib in Resources */ = {isa = PBXBuildFile; fileRef = 23A6498F216E6711009975E6 /* MyPanel.xib */; };
		23A64996216E68DE009975E6 /* MyPanel.m in Sources */ = {isa = PBXBuildFile; fileRef = 23A64995216E68DD009975E6 /* MyPanel.m */; };
/* End PBXBuildFile section */

/* Begin PBXFileReference section */
		23A6497B216E66FF009975E6 /* SingleXibPanel.app */ = {isa = PBXFileReference; explicitFileType = wrapper.application; includeInIndex = 0; path = SingleXibPanel.app; sourceTree = BUILT_PRODUCTS_DIR; };
		23A6497E216E66FF009975E6 /* AppDelegate.h */ = {isa = PBXFileReference; lastKnownFileType = sourcecode.c.h; path = AppDelegate.h; sourceTree = "<group>"; };
		23A6497F216E66FF009975E6 /* AppDelegate.m */ = {isa = PBXFileReference; lastKnownFileType = sourcecode.c.objc; path = AppDelegate.m; sourceTree = "<group>"; };
		23A64981216E6700009975E6 /* Assets.xcassets */ = {isa = PBXFileReference; lastKnownFileType = folder.assetcatalog; path = Assets.xcassets; sourceTree = "<group>"; };
		23A64984216E6700009975E6 /* Base */ = {isa = PBXFileReference; lastKnownFileType = file.xib; name = Base; path = Base.lproj/MainMenu.xib; sourceTree = "<group>"; };
		23A64986216E6700009975E6 /* Info.plist */ = {isa = PBXFileReference; lastKnownFileType = text.plist.xml; path = Info.plist; sourceTree = "<group>"; };
		23A64987216E6700009975E6 /* main.m */ = {isa = PBXFileReference; lastKnownFileType = sourcecode.c.objc; path = main.m; sourceTree = "<group>"; };
		23A64989216E6700009975E6 /* SingleXibPanel.entitlements */ = {isa = PBXFileReference; lastKnownFileType = text.plist.entitlements; path = SingleXibPanel.entitlements; sourceTree = "<group>"; };
		23A6498F216E6711009975E6 /* MyPanel.xib */ = {isa = PBXFileReference; lastKnownFileType = file.xib; path = MyPanel.xib; sourceTree = "<group>"; };
		23A64994216E68DD009975E6 /* MyPanel.h */ = {isa = PBXFileReference; lastKnownFileType = sourcecode.c.h; path = MyPanel.h; sourceTree = "<group>"; };
		23A64995216E68DD009975E6 /* MyPanel.m */ = {isa = PBXFileReference; lastKnownFileType = sourcecode.c.objc; path = MyPanel.m; sourceTree = "<group>"; };
/* End PBXFileReference section */

/* Begin PBXFrameworksBuildPhase section */
		23A64978216E66FF009975E6 /* Frameworks */ = {
			isa = PBXFrameworksBuildPhase;
			buildActionMask = 2147483647;
			files = (
			);
			runOnlyForDeploymentPostprocessing = 0;
		};
/* End PBXFrameworksBuildPhase section */

/* Begin PBXGroup section */
		23A64972216E66FF009975E6 = {
			isa = PBXGroup;
			children = (
				23A6497D216E66FF009975E6 /* SingleXibPanel */,
				23A6497C216E66FF009975E6 /* Products */,
			);
			sourceTree = "<group>";
		};
		23A6497C216E66FF009975E6 /* Products */ = {
			isa = PBXGroup;
			children = (
				23A6497B216E66FF009975E6 /* SingleXibPanel.app */,
			);
			name = Products;
			sourceTree = "<group>";
		};
		23A6497D216E66FF009975E6 /* SingleXibPanel */ = {
			isa = PBXGroup;
			children = (
				23A64994216E68DD009975E6 /* MyPanel.h */,
				23A64995216E68DD009975E6 /* MyPanel.m */,
				23A6498F216E6711009975E6 /* MyPanel.xib */,
				23A6497E216E66FF009975E6 /* AppDelegate.h */,
				23A6497F216E66FF009975E6 /* AppDelegate.m */,
				23A64981216E6700009975E6 /* Assets.xcassets */,
				23A64983216E6700009975E6 /* MainMenu.xib */,
				23A64986216E6700009975E6 /* Info.plist */,
				23A64987216E6700009975E6 /* main.m */,
				23A64989216E6700009975E6 /* SingleXibPanel.entitlements */,
			);
			path = SingleXibPanel;
			sourceTree = "<group>";
		};
/* End PBXGroup section */

/* Begin PBXNativeTarget section */
		23A6497A216E66FF009975E6 /* SingleXibPanel */ = {
			isa = PBXNativeTarget;
			buildConfigurationList = 23A6498C216E6700009975E6 /* Build configuration list for PBXNativeTarget "SingleXibPanel" */;
			buildPhases = (
				23A64977216E66FF009975E6 /* Sources */,
				23A64978216E66FF009975E6 /* Frameworks */,
				23A64979216E66FF009975E6 /* Resources */,
			);
			buildRules = (
			);
			dependencies = (
			);
			name = SingleXibPanel;
			productName = SingleXibPanel;
			productReference = 23A6497B216E66FF009975E6 /* SingleXibPanel.app */;
			productType = "com.apple.product-type.application";
		};
/* End PBXNativeTarget section */

/* Begin PBXProject section */
		23A64973216E66FF009975E6 /* Project object */ = {
			isa = PBXProject;
			attributes = {
				LastUpgradeCheck = 1000;
				ORGANIZATIONNAME = EMMac;
				TargetAttributes = {
					23A6497A216E66FF009975E6 = {
						CreatedOnToolsVersion = 10.0;
						LastSwiftMigration = 1000;
					};
				};
			};
			buildConfigurationList = 23A64976216E66FF009975E6 /* Build configuration list for PBXProject "SingleXibPanel" */;
			compatibilityVersion = "Xcode 9.3";
			developmentRegion = en;
			hasScannedForEncodings = 0;
			knownRegions = (
				en,
				Base,
			);
			mainGroup = 23A64972216E66FF009975E6;
			productRefGroup = 23A6497C216E66FF009975E6 /* Products */;
			projectDirPath = "";
			projectRoot = "";
			targets = (
				23A6497A216E66FF009975E6 /* SingleXibPanel */,
			);
		};
/* End PBXProject section */

/* Begin PBXResourcesBuildPhase section */
		23A64979216E66FF009975E6 /* Resources */ = {
			isa = PBXResourcesBuildPhase;
			buildActionMask = 2147483647;
			files = (
				23A64990216E6711009975E6 /* MyPanel.xib in Resources */,
				23A64982216E6700009975E6 /* Assets.xcassets in Resources */,
				23A64985216E6700009975E6 /* MainMenu.xib in Resources */,
			);
			runOnlyForDeploymentPostprocessing = 0;
		};
/* End PBXResourcesBuildPhase section */

/* Begin PBXSourcesBuildPhase section */
		23A64977216E66FF009975E6 /* Sources */ = {
			isa = PBXSourcesBuildPhase;
			buildActionMask = 2147483647;
			files = (
				23A64996216E68DE009975E6 /* MyPanel.m in Sources */,
				23A64988216E6700009975E6 /* main.m in Sources */,
				23A64980216E66FF009975E6 /* AppDelegate.m in Sources */,
			);
			runOnlyForDeploymentPostprocessing = 0;
		};
/* End PBXSourcesBuildPhase section */

/* Begin PBXVariantGroup section */
		23A64983216E6700009975E6 /* MainMenu.xib */ = {
			isa = PBXVariantGroup;
			children = (
				23A64984216E6700009975E6 /* Base */,
			);
			name = MainMenu.xib;
			sourceTree = "<group>";
		};
/* End PBXVariantGroup section */

/* Begin XCBuildConfiguration section */
		23A6498A216E6700009975E6 /* Debug */ = {
			isa = XCBuildConfiguration;
			buildSettings = {
				ALWAYS_SEARCH_USER_PATHS = NO;
				CLANG_ANALYZER_NONNULL = YES;
				CLANG_ANALYZER_NUMBER_OBJECT_CONVERSION = YES_AGGRESSIVE;
				CLANG_CXX_LANGUAGE_STANDARD = "gnu++14";
				CLANG_CXX_LIBRARY = "libc++";
				CLANG_ENABLE_MODULES = YES;
				CLANG_ENABLE_OBJC_ARC = YES;
				CLANG_ENABLE_OBJC_WEAK = YES;
				CLANG_WARN_BLOCK_CAPTURE_AUTORELEASING = YES;
				CLANG_WARN_BOOL_CONVERSION = YES;
				CLANG_WARN_COMMA = YES;
				CLANG_WARN_CONSTANT_CONVERSION = YES;
				CLANG_WARN_DEPRECATED_OBJC_IMPLEMENTATIONS = YES;
				CLANG_WARN_DIRECT_OBJC_ISA_USAGE = YES_ERROR;
				CLANG_WARN_DOCUMENTATION_COMMENTS = YES;
				CLANG_WARN_EMPTY_BODY = YES;
				CLANG_WARN_ENUM_CONVERSION = YES;
				CLANG_WARN_INFINITE_RECURSION = YES;
				CLANG_WARN_INT_CONVERSION = YES;
				CLANG_WARN_NON_LITERAL_NULL_CONVERSION = YES;
				CLANG_WARN_OBJC_IMPLICIT_RETAIN_SELF = YES;
				CLANG_WARN_OBJC_LITERAL_CONVERSION = YES;
				CLANG_WARN_OBJC_ROOT_CLASS = YES_ERROR;
				CLANG_WARN_RANGE_LOOP_ANALYSIS = YES;
				CLANG_WARN_STRICT_PROTOTYPES = YES;
				CLANG_WARN_SUSPICIOUS_MOVE = YES;
				CLANG_WARN_UNGUARDED_AVAILABILITY = YES_AGGRESSIVE;
				CLANG_WARN_UNREACHABLE_CODE = YES;
				CLANG_WARN__DUPLICATE_METHOD_MATCH = YES;
				CODE_SIGN_IDENTITY = "-";
				COPY_PHASE_STRIP = NO;
				DEBUG_INFORMATION_FORMAT = dwarf;
				ENABLE_STRICT_OBJC_MSGSEND = YES;
				ENABLE_TESTABILITY = YES;
				GCC_C_LANGUAGE_STANDARD = gnu11;
				GCC_DYNAMIC_NO_PIC = NO;
				GCC_NO_COMMON_BLOCKS = YES;
				GCC_OPTIMIZATION_LEVEL = 0;
				GCC_PREPROCESSOR_DEFINITIONS = (
					"DEBUG=1",
					"$(inherited)",
				);
				GCC_WARN_64_TO_32_BIT_CONVERSION = YES;
				GCC_WARN_ABOUT_RETURN_TYPE = YES_ERROR;
				GCC_WARN_UNDECLARED_SELECTOR = YES;
				GCC_WARN_UNINITIALIZED_AUTOS = YES_AGGRESSIVE;
				GCC_WARN_UNUSED_FUNCTION = YES;
				GCC_WARN_UNUSED_VARIABLE = YES;
				MACOSX_DEPLOYMENT_TARGET = 10.14;
				MTL_ENABLE_DEBUG_INFO = INCLUDE_SOURCE;
				MTL_FAST_MATH = YES;
				ONLY_ACTIVE_ARCH = YES;
				SDKROOT = macosx;
			};
			name = Debug;
		};
		23A6498B216E6700009975E6 /* Release */ = {
			isa = XCBuildConfiguration;
			buildSettings = {
				ALWAYS_SEARCH_USER_PATHS = NO;
				CLANG_ANALYZER_NONNULL = YES;
				CLANG_ANALYZER_NUMBER_OBJECT_CONVERSION = YES_AGGRESSIVE;
				CLANG_CXX_LANGUAGE_STANDARD = "gnu++14";
				CLANG_CXX_LIBRARY = "libc++";
				CLANG_ENABLE_MODULES = YES;
				CLANG_ENABLE_OBJC_ARC = YES;
				CLANG_ENABLE_OBJC_WEAK = YES;
				CLANG_WARN_BLOCK_CAPTURE_AUTORELEASING = YES;
				CLANG_WARN_BOOL_CONVERSION = YES;
				CLANG_WARN_COMMA = YES;
				CLANG_WARN_CONSTANT_CONVERSION = YES;
				CLANG_WARN_DEPRECATED_OBJC_IMPLEMENTATIONS = YES;
				CLANG_WARN_DIRECT_OBJC_ISA_USAGE = YES_ERROR;
				CLANG_WARN_DOCUMENTATION_COMMENTS = YES;
				CLANG_WARN_EMPTY_BODY = YES;
				CLANG_WARN_ENUM_CONVERSION = YES;
				CLANG_WARN_INFINITE_RECURSION = YES;
				CLANG_WARN_INT_CONVERSION = YES;
				CLANG_WARN_NON_LITERAL_NULL_CONVERSION = YES;
				CLANG_WARN_OBJC_IMPLICIT_RETAIN_SELF = YES;
				CLANG_WARN_OBJC_LITERAL_CONVERSION = YES;
				CLANG_WARN_OBJC_ROOT_CLASS = YES_ERROR;
				CLANG_WARN_RANGE_LOOP_ANALYSIS = YES;
				CLANG_WARN_STRICT_PROTOTYPES = YES;
				CLANG_WARN_SUSPICIOUS_MOVE = YES;
				CLANG_WARN_UNGUARDED_AVAILABILITY = YES_AGGRESSIVE;
				CLANG_WARN_UNREACHABLE_CODE = YES;
				CLANG_WARN__DUPLICATE_METHOD_MATCH = YES;
				CODE_SIGN_IDENTITY = "-";
				COPY_PHASE_STRIP = NO;
				DEBUG_INFORMATION_FORMAT = "dwarf-with-dsym";
				ENABLE_NS_ASSERTIONS = NO;
				ENABLE_STRICT_OBJC_MSGSEND = YES;
				GCC_C_LANGUAGE_STANDARD = gnu11;
				GCC_NO_COMMON_BLOCKS = YES;
				GCC_WARN_64_TO_32_BIT_CONVERSION = YES;
				GCC_WARN_ABOUT_RETURN_TYPE = YES_ERROR;
				GCC_WARN_UNDECLARED_SELECTOR = YES;
				GCC_WARN_UNINITIALIZED_AUTOS = YES_AGGRESSIVE;
				GCC_WARN_UNUSED_FUNCTION = YES;
				GCC_WARN_UNUSED_VARIABLE = YES;
				MACOSX_DEPLOYMENT_TARGET = 10.14;
				MTL_ENABLE_DEBUG_INFO = NO;
				MTL_FAST_MATH = YES;
				SDKROOT = macosx;
			};
			name = Release;
		};
		23A6498D216E6700009975E6 /* Debug */ = {
			isa = XCBuildConfiguration;
			buildSettings = {
				ASSETCATALOG_COMPILER_APPICON_NAME = AppIcon;
				CLANG_ENABLE_MODULES = YES;
				CODE_SIGN_ENTITLEMENTS = SingleXibPanel/SingleXibPanel.entitlements;
				CODE_SIGN_STYLE = Automatic;
				COMBINE_HIDPI_IMAGES = YES;
				INFOPLIST_FILE = SingleXibPanel/Info.plist;
				LD_RUNPATH_SEARCH_PATHS = (
					"$(inherited)",
					"@executable_path/../Frameworks",
				);
				PRODUCT_BUNDLE_IDENTIFIER = EastMoney.SingleXibPanel;
				PRODUCT_NAME = "$(TARGET_NAME)";
				SWIFT_OBJC_BRIDGING_HEADER = "SingleXibPanel-Bridging-Header.h";
				SWIFT_OPTIMIZATION_LEVEL = "-Onone";
				SWIFT_VERSION = 4.2;
			};
			name = Debug;
		};
		23A6498E216E6700009975E6 /* Release */ = {
			isa = XCBuildConfiguration;
			buildSettings = {
				ASSETCATALOG_COMPILER_APPICON_NAME = AppIcon;
				CLANG_ENABLE_MODULES = YES;
				CODE_SIGN_ENTITLEMENTS = SingleXibPanel/SingleXibPanel.entitlements;
				CODE_SIGN_STYLE = Automatic;
				COMBINE_HIDPI_IMAGES = YES;
				INFOPLIST_FILE = SingleXibPanel/Info.plist;
				LD_RUNPATH_SEARCH_PATHS = (
					"$(inherited)",
					"@executable_path/../Frameworks",
				);
				PRODUCT_BUNDLE_IDENTIFIER = EastMoney.SingleXibPanel;
				PRODUCT_NAME = "$(TARGET_NAME)";
				SWIFT_OBJC_BRIDGING_HEADER = "SingleXibPanel-Bridging-Header.h";
				SWIFT_VERSION = 4.2;
			};
			name = Release;
		};
/* End XCBuildConfiguration section */

/* Begin XCConfigurationList section */
		23A64976216E66FF009975E6 /* Build configuration list for PBXProject "SingleXibPanel" */ = {
			isa = XCConfigurationList;
			buildConfigurations = (
				23A6498A216E6700009975E6 /* Debug */,
				23A6498B216E6700009975E6 /* Release */,
			);
			defaultConfigurationIsVisible = 0;
			defaultConfigurationName = Release;
		};
		23A6498C216E6700009975E6 /* Build configuration list for PBXNativeTarget "SingleXibPanel" */ = {
			isa = XCConfigurationList;
			buildConfigurations = (
				23A6498D216E6700009975E6 /* Debug */,
				23A6498E216E6700009975E6 /* Release */,
			);
			defaultConfigurationIsVisible = 0;
			defaultConfigurationName = Release;
		};
/* End XCConfigurationList section */
	};
	rootObject = 23A64973216E66FF009975E6 /* Project object */;
}
